
Microsoft Visual Studio Solution File, Format Version 12.00
# Visual Studio Version 17
VisualStudioVersion = 17.11.35312.102
MinimumVisualStudioVersion = 10.0.40219.1
Project("{FAE04EC0-301F-11D3-BF4B-00C04F79EFBC}") = "Archivos", "Archivos\Archivos.csproj", "{BD014359-DA7F-45E2-9896-32D37BE8064D}"
EndProject
Global
	GlobalSection(SolutionConfigurationPlatforms) = preSolution
		Debug|Any CPU = Debug|Any CPU
		Release|Any CPU = Release|Any CPU
	EndGlobalSection
	GlobalSection(ProjectConfigurationPlatforms) = postSolution
		{BD014359-DA7F-45E2-9896-32D37BE8064D}.Debug|Any CPU.ActiveCfg = Debug|Any CPU
		{BD014359-DA7F-45E2-9896-32D37BE8064D}.Debug|Any CPU.Build.0 = Debug|Any CPU
		{BD014359-DA7F-45E2-9896-32D37BE8064D}.Release|Any CPU.ActiveCfg = Release|Any CPU
		{BD014359-DA7F-45E2-9896-32D37BE8064D}.Release|Any CPU.Build.0 = Release|Any CPU
	EndGlobalSection
	GlobalSection(SolutionProperties) = preSolution
		HideSolutionNode = FALSE
	EndGlobalSection
	GlobalSection(ExtensibilityGlobals) = postSolution
		SolutionGuid = {3FA10386-EA52-4BC9-AADF-A0C377D41EC3}
	EndGlobalSection
EndGlobal
